Microsoft Visual Studio Solution File, Format Version 12.00
# Visual Studio Version 17
VisualStudioVersion = 17.5.2.0
MinimumVisualStudioVersion = 10.0.40219.1
Project("{2150E333-8FDC-42A3-9474-1A3956D46DE8}") = "api", "api", "{D82C56D6-B2CD-F611-9E31-04638F7EC30E}"
EndProject
Project("{2150E333-8FDC-42A3-9474-1A3956D46DE8}") = "src", "src", "{7218997D-3624-D017-E052-9D306D24EF0B}"
EndProject
Project("{FAE04EC0-301F-11D3-BF4B-00C04F79EFBC}") = "App.Api", "api\src\App.Api\App.Api.csproj", "{4096215C-7984-9283-5A16-2DD69DC3AC43}"
EndProject
Global
	GlobalSection(SolutionConfigurationPlatforms) = preSolution
		Debug|Any CPU = Debug|Any CPU
		Release|Any CPU = Release|Any CPU
	EndGlobalSection
	GlobalSection(ProjectConfigurationPlatforms) = postSolution
		{4096215C-7984-9283-5A16-2DD69DC3AC43}.Debug|Any CPU.ActiveCfg = Debug|Any CPU
		{4096215C-7984-9283-5A16-2DD69DC3AC43}.Debug|Any CPU.Build.0 = Debug|Any CPU
		{4096215C-7984-9283-5A16-2DD69DC3AC43}.Release|Any CPU.ActiveCfg = Release|Any CPU
		{4096215C-7984-9283-5A16-2DD69DC3AC43}.Release|Any CPU.Build.0 = Release|Any CPU
	EndGlobalSection
	GlobalSection(SolutionProperties) = preSolution
		HideSolutionNode = FALSE
	EndGlobalSection
	GlobalSection(NestedProjects) = preSolution
		{7218997D-3624-D017-E052-9D306D24EF0B} = {D82C56D6-B2CD-F611-9E31-04638F7EC30E}
		{4096215C-7984-9283-5A16-2DD69DC3AC43} = {7218997D-3624-D017-E052-9D306D24EF0B}
	EndGlobalSection
	GlobalSection(ExtensibilityGlobals) = postSolution
		SolutionGuid = {7A61E980-A0E1-4F92-A542-ED13C93EA225}
	EndGlobalSection
EndGlobal
